github.com/chewxy/math32 v1.10.1 h1:LFpeY0SLJXeaiej/eIp2L40VYfscTvKh/FSEZ68uMkU=
github.com/chewxy/math32 v1.10.1/go.mod h1:dOB2rcuFrCn6UHrze36WSLVPKtzPMRAQvBvUwkSsLqs=
github.com/fogfish/faults v0.3.2 h1:kQai2/VyXJxfd6SD/jYLHiqu0qDl/KXT48q1ppLMAnY=
github.com/fogfish/faults v0.3.2/go.mod h1:y8zvZN2pQUe9vDS7rzz0mAnbdfYMorPOeqxpy83YOCk=
github.com/fogfish/guid/v2 v2.1.0 h1:oEJHKM4yFOOCmKZdh0oH7eD3mL32n2+1YCc27lXB5rE=
github.com/fogfish/guid/v2 v2.1.0/go.mod h1:KkZ5T4EE3BqWQJFZBPLSHV/tBe23Xq4KvuPfwtNtepU=
github.com/fogfish/it/v2 v2.2.1 h1:NuuaENAZka8XiJkEj2Q6THRsHSwleC/BLDux82NvkII=
github.com/fogfish/it/v2 v2.2.1/go.mod h1:HHwufnTaZTvlRVnSesPl49HzzlMrQtweKbf+8Co/ll4=
github.com/kshard/chatter v0.7.0 h1:HDJCP294jUH2gkZ/pswSV10Gw7C6WExUniT/6oxFqmE=
github.com/kshard/chatter v0.7.0/go.mod h1:Rg3cAzmXVoHGFKDJ8mbp8UUmYwHqOf5bkArIMX2irhE=
github.com/kshard/float8 v0.0.3 h1:wMmj/dbbwA8aKo+gZ8SS6MhjuXS9+yXYMlaJZfm77l0=
github.com/kshard/float8 v0.0.3/go.mod h1:PnQWQ36EkMym5ulAnfCcpgOzbMeyyq90xsCcosTHJ5E=
